# This file is @generated by PDM.
# It is not intended for manual editing.

[metadata]
groups = ["default"]
strategy = ["cross_platform"]
lock_version = "4.4.1"
content_hash = "sha256:9e58f3ba4e379450599c147218f63989d10dfd012dbc6e750f1b7dedcc2cd775"

[[package]]
name = "blosc2"
version = "2.4.0"
requires_python = "<4,>=3.8"
summary = "Python wrapper for the C-Blosc2 library"
dependencies = [
    "msgpack",
    "ndindex>=1.4",
    "numpy>=1.20.3",
    "py-cpuinfo",
]
files = [
    {file = "blosc2-2.4.0-cp310-cp310-macosx_10_9_x86_64.whl", hash = "sha256:8ee3fb14f83e894ef4491b11b1d12b3b374e4d8b1c632d9d0c62c66be5c2c263"},
    {file = "blosc2-2.4.0-cp310-cp310-macosx_11_0_arm64.whl", hash = "sha256:12c1f4dd9eae6e1f6a95cabd92e0a18063697c2f32329b4dfa8af5d5b075c86c"},
    {file = "blosc2-2.4.0-cp310-cp310-manylinux_2_17_aarch64.manylinux2014_aarch64.whl", hash = "sha256:b777159fc9ef5ee45da8a64755f9ac965b642774dab86d89ad12207e9b0fc894"},
    {file = "blosc2-2.4.0-cp310-cp310-manylinux_2_17_x86_64.manylinux2014_x86_64.whl", hash = "sha256:d220110b9d3b95667879999a60cb56c3706bee93e5e64b6177c04f84e5a4a49b"},
    {file = "blosc2-2.4.0-cp310-cp310-musllinux_1_1_x86_64.whl", hash = "sha256:fdf1c12e29045807ca86e590a1b3f018277fde4af9ac80a7bab7036c52e68169"},
    {file = "blosc2-2.4.0-cp310-cp310-win32.whl", hash = "sha256:497717691e3e3c4253ad574b0405494c68f537056a510cd5f9c419c49a976533"},
    {file = "blosc2-2.4.0-cp310-cp310-win_amd64.whl", hash = "sha256:92a25def994313098934bc44ada2d7ab8611e2ff0fc2923e3c417cb47ffb97fc"},
    {file = "blosc2-2.4.0-cp311-cp311-macosx_10_9_x86_64.whl", hash = "sha256:5e4529c05a0772bebcf58678b2b0d0465cb836d43c2882c2d82b0b0a6c3b1173"},
    {file = "blosc2-2.4.0-cp311-cp311-macosx_11_0_arm64.whl", hash = "sha256:cf8b64a7506ba4d834988eb863410bec4ee62c8e523c2ff73b0ee636efd39b3a"},
    {file = "blosc2-2.4.0-cp311-cp311-manylinux_2_17_aarch64.manylinux2014_aarch64.whl", hash = "sha256:5334e9a48f1cab2246fe08c535182b61f1786cd7d50164551f0115e6cdf45457"},
    {file = "blosc2-2.4.0-cp311-cp311-manylinux_2_17_x86_64.manylinux2014_x86_64.whl", hash = "sha256:43170e534d9e2d2822dabcde0a993b978999f9c68080292b74eac9502257c7dd"},
    {file = "blosc2-2.4.0-cp311-cp311-musllinux_1_1_x86_64.whl", hash = "sha256:e3e4e64317255bf56b6349e817d6eaa4f25c520f40996d1dd604f1337e5b8e80"},
    {file = "blosc2-2.4.0-cp311-cp311-win32.whl", hash = "sha256:0958f899238507485d2a260b6bb21e06e20e0841acfe73caf04697dc758d5cc3"},
    {file = "blosc2-2.4.0-cp311-cp311-win_amd64.whl", hash = "sha256:09e4ada928d54ebcac77d66265db030d235466b2e5a43001859bd97730658528"},
    {file = "blosc2-2.4.0-cp312-cp312-macosx_10_9_x86_64.whl", hash = "sha256:a9cefd054da030d86b318c9b0d6383ba831e7ea0a11bad7bd413ae42e1ef755f"},
    {file = "blosc2-2.4.0-cp312-cp312-macosx_11_0_arm64.whl", hash = "sha256:7a180ce8c49b8897eac60e51f990c93783dc4a8f5e3dc0dcc29ed4f60ddfe291"},
    {file = "blosc2-2.4.0-cp312-cp312-manylinux_2_17_aarch64.manylinux2014_aarch64.whl", hash = "sha256:bfd17a8b533d64320e636f67d68a4361febc6c18957d84022f0cc2cf6c0da77b"},
    {file = "blosc2-2.4.0-cp312-cp312-manylinux_2_17_x86_64.manylinux2014_x86_64.whl", hash = "sha256:2292affdf9a0056e1e60e949c3de1a3c47603b2b5e3b7d9ebf96deca468aacdb"},
    {file = "blosc2-2.4.0-cp312-cp312-musllinux_1_1_x86_64.whl", hash = "sha256:1c05c6748d71be867b5e66fb0915c97e3852e1cf9bcb4af8eb9cf1d2a6c517a1"},
    {file = "blosc2-2.4.0-cp312-cp312-win32.whl", hash = "sha256:1249a39b2d5ca7ec755f396108efb209d153130afe6783d04aeb2f9a828a4b67"},
    {file = "blosc2-2.4.0-cp312-cp312-win_amd64.whl", hash = "sha256:5fef27217fac665eed97e30b39c7ca1f810637ea16637ae155d80df4fb5017cd"},
    {file = "blosc2-2.4.0-cp39-cp39-macosx_10_9_x86_64.whl", hash = "sha256:36c1edd3e31d446fb1e0dddc6b0cb27b58c79145cb4df74314a502a9cddf92fc"},
    {file = "blosc2-2.4.0-cp39-cp39-macosx_11_0_arm64.whl", hash = "sha256:10eda33ae55f5ced9d99fb551728f519ddd028dafc8abd5ae24f40626d6c4f0e"},
    {file = "blosc2-2.4.0-cp39-cp39-manylinux_2_17_aarch64.manylinux2014_aarch64.whl", hash = "sha256:32fd1d796b8c4692bf57fd2f9ea9159420087e090561e92ab61d429a21a3d5cd"},
    {file = "blosc2-2.4.0-cp39-cp39-manylinux_2_17_x86_64.manylinux2014_x86_64.whl", hash = "sha256:2141dd8a04a775f374d12ca6c485208d242c67b12aeb91b025946da1c3cfa5ee"},
    {file = "blosc2-2.4.0-cp39-cp39-musllinux_1_1_x86_64.whl", hash = "sha256:5fbd40e36def428aca963a5aeaaa1874e21ddd80b9c788d753a1f1d182cdb4a5"},
    {file = "blosc2-2.4.0-cp39-cp39-win32.whl", hash = "sha256:60aaf2988516b0ef8dbc71b73b1a5aa4af18bdb4874fee52d725e81c78d5a562"},
    {file = "blosc2-2.4.0-cp39-cp39-win_amd64.whl", hash = "sha256:e7400095856808b2b5016755a7a771a65d698812459f1d87906598ae53c130b3"},
    {file = "blosc2-2.4.0.tar.gz", hash = "sha256:43687a9ebdd8befba962885fb991ab54d2710513696263f79d383aa22a7b1833"},
]

[[package]]
name = "msgpack"
version = "1.0.7"
requires_python = ">=3.8"
summary = "MessagePack serializer"
files = [
    {file = "msgpack-1.0.7-cp310-cp310-macosx_10_9_universal2.whl", hash = "sha256:04ad6069c86e531682f9e1e71b71c1c3937d6014a7c3e9edd2aa81ad58842862"},
    {file = "msgpack-1.0.7-cp310-cp310-macosx_10_9_x86_64.whl", hash = "sha256:cca1b62fe70d761a282496b96a5e51c44c213e410a964bdffe0928e611368329"},
    {file = "msgpack-1.0.7-cp310-cp310-macosx_11_0_arm64.whl", hash = "sha256:e50ebce52f41370707f1e21a59514e3375e3edd6e1832f5e5235237db933c98b"},
    {file = "msgpack-1.0.7-cp310-cp310-manylinux_2_17_aarch64.manylinux2014_aarch64.whl", hash = "sha256:4a7b4f35de6a304b5533c238bee86b670b75b03d31b7797929caa7a624b5dda6"},
    {file = "msgpack-1.0.7-cp310-cp310-manylinux_2_17_x86_64.manylinux2014_x86_64.whl", hash = "sha256:28efb066cde83c479dfe5a48141a53bc7e5f13f785b92ddde336c716663039ee"},
    {file = "msgpack-1.0.7-cp310-cp310-manylinux_2_5_i686.manylinux1_i686.manylinux_2_17_i686.manylinux2014_i686.whl", hash = "sha256:4cb14ce54d9b857be9591ac364cb08dc2d6a5c4318c1182cb1d02274029d590d"},
    {file = "msgpack-1.0.7-cp310-cp310-musllinux_1_1_aarch64.whl", hash = "sha256:b573a43ef7c368ba4ea06050a957c2a7550f729c31f11dd616d2ac4aba99888d"},
    {file = "msgpack-1.0.7-cp310-cp310-musllinux_1_1_i686.whl", hash = "sha256:ccf9a39706b604d884d2cb1e27fe973bc55f2890c52f38df742bc1d79ab9f5e1"},
    {file = "msgpack-1.0.7-cp310-cp310-musllinux_1_1_x86_64.whl", hash = "sha256:cb70766519500281815dfd7a87d3a178acf7ce95390544b8c90587d76b227681"},
    {file = "msgpack-1.0.7-cp310-cp310-win32.whl", hash = "sha256:b610ff0f24e9f11c9ae653c67ff8cc03c075131401b3e5ef4b82570d1728f8a9"},
    {file = "msgpack-1.0.7-cp310-cp310-win_amd64.whl", hash = "sha256:a40821a89dc373d6427e2b44b572efc36a2778d3f543299e2f24eb1a5de65415"},
    {file = "msgpack-1.0.7-cp311-cp311-macosx_10_9_universal2.whl", hash = "sha256:576eb384292b139821c41995523654ad82d1916da6a60cff129c715a6223ea84"},
    {file = "msgpack-1.0.7-cp311-cp311-macosx_10_9_x86_64.whl", hash = "sha256:730076207cb816138cf1af7f7237b208340a2c5e749707457d70705715c93b93"},
    {file = "msgpack-1.0.7-cp311-cp311-macosx_11_0_arm64.whl", hash = "sha256:85765fdf4b27eb5086f05ac0491090fc76f4f2b28e09d9350c31aac25a5aaff8"},
    {file = "msgpack-1.0.7-cp311-cp311-manylinux_2_17_aarch64.manylinux2014_aarch64.whl", hash = "sha256:3476fae43db72bd11f29a5147ae2f3cb22e2f1a91d575ef130d2bf49afd21c46"},
    {file = "msgpack-1.0.7-cp311-cp311-manylinux_2_17_x86_64.manylinux2014_x86_64.whl", hash = "sha256:6d4c80667de2e36970ebf74f42d1088cc9ee7ef5f4e8c35eee1b40eafd33ca5b"},
    {file = "msgpack-1.0.7-cp311-cp311-manylinux_2_5_i686.manylinux1_i686.manylinux_2_17_i686.manylinux2014_i686.whl", hash = "sha256:5b0bf0effb196ed76b7ad883848143427a73c355ae8e569fa538365064188b8e"},
    {file = "msgpack-1.0.7-cp311-cp311-musllinux_1_1_aarch64.whl", hash = "sha256:f9a7c509542db4eceed3dcf21ee5267ab565a83555c9b88a8109dcecc4709002"},
    {file = "msgpack-1.0.7-cp311-cp311-musllinux_1_1_i686.whl", hash = "sha256:84b0daf226913133f899ea9b30618722d45feffa67e4fe867b0b5ae83a34060c"},
    {file = "msgpack-1.0.7-cp311-cp311-musllinux_1_1_x86_64.whl", hash = "sha256:ec79ff6159dffcc30853b2ad612ed572af86c92b5168aa3fc01a67b0fa40665e"},
    {file = "msgpack-1.0.7-cp311-cp311-win32.whl", hash = "sha256:3e7bf4442b310ff154b7bb9d81eb2c016b7d597e364f97d72b1acc3817a0fdc1"},
    {file = "msgpack-1.0.7-cp311-cp311-win_amd64.whl", hash = "sha256:3f0c8c6dfa6605ab8ff0611995ee30d4f9fcff89966cf562733b4008a3d60d82"},
    {file = "msgpack-1.0.7-cp312-cp312-macosx_10_9_universal2.whl", hash = "sha256:f0936e08e0003f66bfd97e74ee530427707297b0d0361247e9b4f59ab78ddc8b"},
    {file = "msgpack-1.0.7-cp312-cp312-macosx_10_9_x86_64.whl", hash = "sha256:98bbd754a422a0b123c66a4c341de0474cad4a5c10c164ceed6ea090f3563db4"},
    {file = "msgpack-1.0.7-cp312-cp312-macosx_11_0_arm64.whl", hash = "sha256:b291f0ee7961a597cbbcc77709374087fa2a9afe7bdb6a40dbbd9b127e79afee"},
    {file = "msgpack-1.0.7-cp312-cp312-manylinux_2_17_aarch64.manylinux2014_aarch64.whl", hash = "sha256:ebbbba226f0a108a7366bf4b59bf0f30a12fd5e75100c630267d94d7f0ad20e5"},
    {file = "msgpack-1.0.7-cp312-cp312-manylinux_2_17_x86_64.manylinux2014_x86_64.whl", hash = "sha256:1e2d69948e4132813b8d1131f29f9101bc2c915f26089a6d632001a5c1349672"},
    {file = "msgpack-1.0.7-cp312-cp312-manylinux_2_5_i686.manylinux1_i686.manylinux_2_17_i686.manylinux2014_i686.whl", hash = "sha256:bdf38ba2d393c7911ae989c3bbba510ebbcdf4ecbdbfec36272abe350c454075"},
    {file = "msgpack-1.0.7-cp312-cp312-musllinux_1_1_aarch64.whl", hash = "sha256:993584fc821c58d5993521bfdcd31a4adf025c7d745bbd4d12ccfecf695af5ba"},
    {file = "msgpack-1.0.7-cp312-cp312-musllinux_1_1_i686.whl", hash = "sha256:52700dc63a4676669b341ba33520f4d6e43d3ca58d422e22ba66d1736b0a6e4c"},
    {file = "msgpack-1.0.7-cp312-cp312-musllinux_1_1_x86_64.whl", hash = "sha256:e45ae4927759289c30ccba8d9fdce62bb414977ba158286b5ddaf8df2cddb5c5"},
    {file = "msgpack-1.0.7-cp312-cp312-win32.whl", hash = "sha256:27dcd6f46a21c18fa5e5deed92a43d4554e3df8d8ca5a47bf0615d6a5f39dbc9"},
    {file = "msgpack-1.0.7-cp312-cp312-win_amd64.whl", hash = "sha256:7687e22a31e976a0e7fc99c2f4d11ca45eff652a81eb8c8085e9609298916dcf"},
    {file = "msgpack-1.0.7-cp39-cp39-macosx_10_9_universal2.whl", hash = "sha256:bfef2bb6ef068827bbd021017a107194956918ab43ce4d6dc945ffa13efbc25f"},
    {file = "msgpack-1.0.7-cp39-cp39-macosx_10_9_x86_64.whl", hash = "sha256:484ae3240666ad34cfa31eea7b8c6cd2f1fdaae21d73ce2974211df099a95d81"},
    {file = "msgpack-1.0.7-cp39-cp39-macosx_11_0_arm64.whl", hash = "sha256:3967e4ad1aa9da62fd53e346ed17d7b2e922cba5ab93bdd46febcac39be636fc"},
    {file = "msgpack-1.0.7-cp39-cp39-manylinux_2_17_aarch64.manylinux2014_aarch64.whl", hash = "sha256:8dd178c4c80706546702c59529ffc005681bd6dc2ea234c450661b205445a34d"},
    {file = "msgpack-1.0.7-cp39-cp39-manylinux_2_17_x86_64.manylinux2014_x86_64.whl", hash = "sha256:f6ffbc252eb0d229aeb2f9ad051200668fc3a9aaa8994e49f0cb2ffe2b7867e7"},
    {file = "msgpack-1.0.7-cp39-cp39-manylinux_2_5_i686.manylinux1_i686.manylinux_2_17_i686.manylinux2014_i686.whl", hash = "sha256:822ea70dc4018c7e6223f13affd1c5c30c0f5c12ac1f96cd8e9949acddb48a61"},
    {file = "msgpack-1.0.7-cp39-cp39-musllinux_1_1_aarch64.whl", hash = "sha256:384d779f0d6f1b110eae74cb0659d9aa6ff35aaf547b3955abf2ab4c901c4819"},
    {file = "msgpack-1.0.7-cp39-cp39-musllinux_1_1_i686.whl", hash = "sha256:f64e376cd20d3f030190e8c32e1c64582eba56ac6dc7d5b0b49a9d44021b52fd"},
    {file = "msgpack-1.0.7-cp39-cp39-musllinux_1_1_x86_64.whl", hash = "sha256:5ed82f5a7af3697b1c4786053736f24a0efd0a1b8a130d4c7bfee4b9ded0f08f"},
    {file = "msgpack-1.0.7-cp39-cp39-win32.whl", hash = "sha256:f26a07a6e877c76a88e3cecac8531908d980d3d5067ff69213653649ec0f60ad"},
    {file = "msgpack-1.0.7-cp39-cp39-win_amd64.whl", hash = "sha256:1dc93e8e4653bdb5910aed79f11e165c85732067614f180f70534f056da97db3"},
    {file = "msgpack-1.0.7.tar.gz", hash = "sha256:572efc93db7a4d27e404501975ca6d2d9775705c2d922390d878fcf768d92c87"},
]

[[package]]
name = "ndindex"
version = "1.7"
requires_python = ">=3.7"
summary = "A Python library for manipulating indices of ndarrays."
files = [
    {file = "ndindex-1.7-py3-none-any.whl", hash = "sha256:4c0555d352ac9947b0f022562aea9f5d57fa06743ea069669138f75a88b42884"},
    {file = "ndindex-1.7.tar.gz", hash = "sha256:bf9bd0b76eeada1c8275e04091f8291869ed2b373b7af48e56faf7579fd2efd2"},
]

[[package]]
name = "numexpr"
version = "2.8.8"
requires_python = ">=3.9"
summary = "Fast numerical expression evaluator for NumPy"
dependencies = [
    "numpy>=1.13.3",
]
files = [
    {file = "numexpr-2.8.8-cp310-cp310-macosx_10_9_x86_64.whl", hash = "sha256:85c9f79e346c26aa0d425ecfc9e5de7184567d5e48d0bdb02d468bb927e92525"},
    {file = "numexpr-2.8.8-cp310-cp310-macosx_11_0_arm64.whl", hash = "sha256:dbac846f713b4c82333e6af0814ebea0b4e74dfb2649e76c58953fd4862322dd"},
    {file = "numexpr-2.8.8-cp310-cp310-manylinux_2_17_aarch64.manylinux2014_aarch64.whl", hash = "sha256:0d7bfc8b77d8a7b04cd64ae42b62b3bf824a8c751ca235692bfd5231c6e90127"},
    {file = "numexpr-2.8.8-cp310-cp310-manylinux_2_17_x86_64.manylinux2014_x86_64.whl", hash = "sha256:307b49fd15ef2ca292f381e67759e5b477410341f2f499a377234f1b42f529a6"},
    {file = "numexpr-2.8.8-cp310-cp310-musllinux_1_1_x86_64.whl", hash = "sha256:aab17d65751c039d13ed9d49c9a7517b130ef488c1885c4666af9b5c6ad59520"},
    {file = "numexpr-2.8.8-cp310-cp310-win32.whl", hash = "sha256:6459dc6ed6abcdeab3cd3667c79f29e4a0f0a02c29ad71ee5cff065e880ee9ef"},
    {file = "numexpr-2.8.8-cp310-cp310-win_amd64.whl", hash = "sha256:22ccd67c0fbeae091f2c577f5b9c8046de6631d46b1cbe22aad46a08d2b42c2d"},
    {file = "numexpr-2.8.8-cp311-cp311-macosx_10_9_x86_64.whl", hash = "sha256:47c05007cd1c553515492c1a78b5477eaaba9cadc5d7b795d49f7aae53ccdf68"},
    {file = "numexpr-2.8.8-cp311-cp311-macosx_11_0_arm64.whl", hash = "sha256:b4649c1dcf9b0c2ae0a7b767dbbbde4e05ee68480c1ba7f06fc7963f1f73acf4"},
    {file = "numexpr-2.8.8-cp311-cp311-manylinux_2_17_aarch64.manylinux2014_aarch64.whl", hash = "sha256:a82d710145b0fbaec919dde9c90ed9df1e6785625cc36d1c71f3a53112b66fc5"},
    {file = "numexpr-2.8.8-cp311-cp311-manylinux_2_17_x86_64.manylinux2014_x86_64.whl", hash = "sha256:5a92f230dd9d6c42803f855970e93677b44290b6dad15cb6796fd85edee171ce"},
    {file = "numexpr-2.8.8-cp311-cp311-musllinux_1_1_x86_64.whl", hash = "sha256:ccef9b09432d59229c2a737882e55de7906006452003323e107576f264cec373"},
    {file = "numexpr-2.8.8-cp311-cp311-win32.whl", hash = "sha256:bf8c517bbbb82c07c23c17f9d52b4c9f86601f57d48e87c0cbda24af5907f4dd"},
    {file = "numexpr-2.8.8-cp311-cp311-win_amd64.whl", hash = "sha256:4f01d71db6fdb97a68def5407e2dbd748eaea9d98929db08816de40aa4ae3084"},
    {file = "numexpr-2.8.8-cp312-cp312-macosx_10_9_x86_64.whl", hash = "sha256:76f0f010f9c6318bae213b21c5c0e381c2fc9c9ecb8b35f99f5030e7ac96c9ce"},
    {file = "numexpr-2.8.8-cp312-cp312-macosx_11_0_arm64.whl", hash = "sha256:3f168b4b42d4cb120fe1993676dcf74b77a3e8e45b58855566da037cfd938ca3"},
    {file = "numexpr-2.8.8-cp312-cp312-manylinux_2_17_aarch64.manylinux2014_aarch64.whl", hash = "sha256:f031ac4e70f9ad867543bfbde8452e9d1a14f0525346b4b8bd4e5c0f1380a11c"},
    {file = "numexpr-2.8.8-cp312-cp312-manylinux_2_17_x86_64.manylinux2014_x86_64.whl", hash = "sha256:121b049b6909787111daf92919c052c4fd87b5691172e8f19f702b96f20aaafa"},
    {file = "numexpr-2.8.8-cp312-cp312-musllinux_1_1_x86_64.whl", hash = "sha256:2ae264c35fa67cd510191ab8144f131fddd0f1d13413af710913ea6fc0c6aa61"},
    {file = "numexpr-2.8.8-cp312-cp312-win32.whl", hash = "sha256:399cb914b41c4027ba88a18f6b8ccfc3af5c32bc3b1758403a7c44c72530618a"},
    {file = "numexpr-2.8.8-cp312-cp312-win_amd64.whl", hash = "sha256:925927cd1f610593e7783d8f2e12e3d800d5928601e077e4910e2b50bde624b6"},
    {file = "numexpr-2.8.8-cp39-cp39-macosx_10_9_x86_64.whl", hash = "sha256:cd07793b074cc38e478637cbe738dff7d8eb92b5cf8ffaacff0c4f0bca5270a0"},
    {file = "numexpr-2.8.8-cp39-cp39-macosx_11_0_arm64.whl", hash = "sha256:290f91c7ba7772abaf7107f3cc0601d93d6a3f21c13ee3da93f1b8a9ca3e8d39"},
    {file = "numexpr-2.8.8-cp39-cp39-manylinux_2_17_aarch64.manylinux2014_aarch64.whl", hash = "sha256:296dc1f79d386166dec3bdb45f51caba29ffd8dc91db15447108c04d3001d921"},
    {file = "numexpr-2.8.8-cp39-cp39-manylinux_2_17_x86_64.manylinux2014_x86_64.whl", hash = "sha256:7badc50efbb2f1c8b78cd68089031e0fd29cbafa6a9e6d730533f22d88168406"},
    {file = "numexpr-2.8.8-cp39-cp39-musllinux_1_1_x86_64.whl", hash = "sha256:4d83a542d9deefb050e389aacaddea0f09d68ec617dd37e45b9a7cfbcba6d729"},
    {file = "numexpr-2.8.8-cp39-cp39-win32.whl", hash = "sha256:17104051f0bd83fd350212e268d8b48017d5eff522b09b573fdbcc560c5e7ab3"},
    {file = "numexpr-2.8.8-cp39-cp39-win_amd64.whl", hash = "sha256:12146521b1730073859a20454e75004e38cd0cb61333e763c58ef5171e101eb2"},
    {file = "numexpr-2.8.8.tar.gz", hash = "sha256:e76ce4d25372f46170cf7eb1ff14ed5d9c69a0b162a405063cbe481bafe3af34"},
]

[[package]]
name = "numpy"
version = "1.26.3"
requires_python = ">=3.9"
summary = "Fundamental package for array computing in Python"
files = [
    {file = "numpy-1.26.3-cp310-cp310-macosx_10_9_x86_64.whl", hash = "sha256:806dd64230dbbfaca8a27faa64e2f414bf1c6622ab78cc4264f7f5f028fee3bf"},
    {file = "numpy-1.26.3-cp310-cp310-macosx_11_0_arm64.whl", hash = "sha256:02f98011ba4ab17f46f80f7f8f1c291ee7d855fcef0a5a98db80767a468c85cd"},
    {file = "numpy-1.26.3-cp310-cp310-manylinux_2_17_aarch64.manylinux2014_aarch64.whl", hash = "sha256:6d45b3ec2faed4baca41c76617fcdcfa4f684ff7a151ce6fc78ad3b6e85af0a6"},
    {file = "numpy-1.26.3-cp310-cp310-manylinux_2_17_x86_64.manylinux2014_x86_64.whl", hash = "sha256:bdd2b45bf079d9ad90377048e2747a0c82351989a2165821f0c96831b4a2a54b"},
    {file = "numpy-1.26.3-cp310-cp310-musllinux_1_1_aarch64.whl", hash = "sha256:211ddd1e94817ed2d175b60b6374120244a4dd2287f4ece45d49228b4d529178"},
    {file = "numpy-1.26.3-cp310-cp310-musllinux_1_1_x86_64.whl", hash = "sha256:b1240f767f69d7c4c8a29adde2310b871153df9b26b5cb2b54a561ac85146485"},
    {file = "numpy-1.26.3-cp310-cp310-win32.whl", hash = "sha256:21a9484e75ad018974a2fdaa216524d64ed4212e418e0a551a2d83403b0531d3"},
    {file = "numpy-1.26.3-cp310-cp310-win_amd64.whl", hash = "sha256:9e1591f6ae98bcfac2a4bbf9221c0b92ab49762228f38287f6eeb5f3f55905ce"},
    {file = "numpy-1.26.3-cp311-cp311-macosx_10_9_x86_64.whl", hash = "sha256:b831295e5472954104ecb46cd98c08b98b49c69fdb7040483aff799a755a7374"},
    {file = "numpy-1.26.3-cp311-cp311-macosx_11_0_arm64.whl", hash = "sha256:9e87562b91f68dd8b1c39149d0323b42e0082db7ddb8e934ab4c292094d575d6"},
    {file = "numpy-1.26.3-cp311-cp311-manylinux_2_17_aarch64.manylinux2014_aarch64.whl", hash = "sha256:8c66d6fec467e8c0f975818c1796d25c53521124b7cfb760114be0abad53a0a2"},
    {file = "numpy-1.26.3-cp311-cp311-manylinux_2_17_x86_64.manylinux2014_x86_64.whl", hash = "sha256:f25e2811a9c932e43943a2615e65fc487a0b6b49218899e62e426e7f0a57eeda"},
    {file = "numpy-1.26.3-cp311-cp311-musllinux_1_1_aarch64.whl", hash = "sha256:af36e0aa45e25c9f57bf684b1175e59ea05d9a7d3e8e87b7ae1a1da246f2767e"},
    {file = "numpy-1.26.3-cp311-cp311-musllinux_1_1_x86_64.whl", hash = "sha256:51c7f1b344f302067b02e0f5b5d2daa9ed4a721cf49f070280ac202738ea7f00"},
    {file = "numpy-1.26.3-cp311-cp311-win32.whl", hash = "sha256:7ca4f24341df071877849eb2034948459ce3a07915c2734f1abb4018d9c49d7b"},
    {file = "numpy-1.26.3-cp311-cp311-win_amd64.whl", hash = "sha256:39763aee6dfdd4878032361b30b2b12593fb445ddb66bbac802e2113eb8a6ac4"},
    {file = "numpy-1.26.3-cp312-cp312-macosx_10_9_x86_64.whl", hash = "sha256:a7081fd19a6d573e1a05e600c82a1c421011db7935ed0d5c483e9dd96b99cf13"},
    {file = "numpy-1.26.3-cp312-cp312-macosx_11_0_arm64.whl", hash = "sha256:12c70ac274b32bc00c7f61b515126c9205323703abb99cd41836e8125ea0043e"},
    {file = "numpy-1.26.3-cp312-cp312-manylinux_2_17_aarch64.manylinux2014_aarch64.whl", hash = "sha256:7f784e13e598e9594750b2ef6729bcd5a47f6cfe4a12cca13def35e06d8163e3"},
    {file = "numpy-1.26.3-cp312-cp312-manylinux_2_17_x86_64.manylinux2014_x86_64.whl", hash = "sha256:5f24750ef94d56ce6e33e4019a8a4d68cfdb1ef661a52cdaee628a56d2437419"},
    {file = "numpy-1.26.3-cp312-cp312-musllinux_1_1_aarch64.whl", hash = "sha256:77810ef29e0fb1d289d225cabb9ee6cf4d11978a00bb99f7f8ec2132a84e0166"},
    {file = "numpy-1.26.3-cp312-cp312-musllinux_1_1_x86_64.whl", hash = "sha256:8ed07a90f5450d99dad60d3799f9c03c6566709bd53b497eb9ccad9a55867f36"},
    {file = "numpy-1.26.3-cp312-cp312-win32.whl", hash = "sha256:f73497e8c38295aaa4741bdfa4fda1a5aedda5473074369eca10626835445511"},
    {file = "numpy-1.26.3-cp312-cp312-win_amd64.whl", hash = "sha256:da4b0c6c699a0ad73c810736303f7fbae483bcb012e38d7eb06a5e3b432c981b"},
    {file = "numpy-1.26.3-cp39-cp39-macosx_10_9_x86_64.whl", hash = "sha256:1666f634cb3c80ccbd77ec97bc17337718f56d6658acf5d3b906ca03e90ce87f"},
    {file = "numpy-1.26.3-cp39-cp39-macosx_11_0_arm64.whl", hash = "sha256:18c3319a7d39b2c6a9e3bb75aab2304ab79a811ac0168a671a62e6346c29b03f"},
    {file = "numpy-1.26.3-cp39-cp39-manylinux_2_17_aarch64.manylinux2014_aarch64.whl", hash = "sha256:0b7e807d6888da0db6e7e75838444d62495e2b588b99e90dd80c3459594e857b"},
    {file = "numpy-1.26.3-cp39-cp39-manylinux_2_17_x86_64.manylinux2014_x86_64.whl", hash = "sha256:b4d362e17bcb0011738c2d83e0a65ea8ce627057b2fdda37678f4374a382a137"},
    {file = "numpy-1.26.3-cp39-cp39-musllinux_1_1_aarch64.whl", hash = "sha256:b8c275f0ae90069496068c714387b4a0eba5d531aace269559ff2b43655edd58"},
    {file = "numpy-1.26.3-cp39-cp39-musllinux_1_1_x86_64.whl", hash = "sha256:cc0743f0302b94f397a4a65a660d4cd24267439eb16493fb3caad2e4389bccbb"},
    {file = "numpy-1.26.3-cp39-cp39-win32.whl", hash = "sha256:9bc6d1a7f8cedd519c4b7b1156d98e051b726bf160715b769106661d567b3f03"},
    {file = "numpy-1.26.3-cp39-cp39-win_amd64.whl", hash = "sha256:867e3644e208c8922a3be26fc6bbf112a035f50f0a86497f98f228c50c607bb2"},
    {file = "numpy-1.26.3-pp39-pypy39_pp73-macosx_10_9_x86_64.whl", hash = "sha256:3c67423b3703f8fbd90f5adaa37f85b5794d3366948efe9a5190a5f3a83fc34e"},
    {file = "numpy-1.26.3-pp39-pypy39_pp73-manylinux_2_17_x86_64.manylinux2014_x86_64.whl", hash = "sha256:46f47ee566d98849323f01b349d58f2557f02167ee301e5e28809a8c0e27a2d0"},
    {file = "numpy-1.26.3-pp39-pypy39_pp73-win_amd64.whl", hash = "sha256:a8474703bffc65ca15853d5fd4d06b18138ae90c17c8d12169968e998e448bb5"},
    {file = "numpy-1.26.3.tar.gz", hash = "sha256:697df43e2b6310ecc9d95f05d5ef20eacc09c7c4ecc9da3f235d39e71b7da1e4"},
]

[[package]]
name = "packaging"
version = "23.2"
requires_python = ">=3.7"
summary = "Core utilities for Python packages"
files = [
    {file = "packaging-23.2-py3-none-any.whl", hash = "sha256:8c491190033a9af7e1d931d0b5dacc2ef47509b34dd0de67ed209b5203fc88c7"},
    {file = "packaging-23.2.tar.gz", hash = "sha256:048fb0e9405036518eaaf48a55953c750c11e1a1b68e0dd1a9d62ed0c092cfc5"},
]

[[package]]
name = "pint"
version = "0.23"
requires_python = ">=3.9"
summary = "Physical quantities module"
dependencies = [
    "typing-extensions",
]
files = [
    {file = "Pint-0.23-py3-none-any.whl", hash = "sha256:df79b6b5f1beb7ed0cd55d91a0766fc55f972f757a9364e844958c05e8eb66f9"},
    {file = "Pint-0.23.tar.gz", hash = "sha256:e1509b91606dbc52527c600a4ef74ffac12fff70688aff20e9072409346ec9b4"},
]

[[package]]
name = "py-cpuinfo"
version = "9.0.0"
summary = "Get CPU info with pure Python"
files = [
    {file = "py-cpuinfo-9.0.0.tar.gz", hash = "sha256:3cdbbf3fac90dc6f118bfd64384f309edeadd902d7c8fb17f02ffa1fc3f49690"},
    {file = "py_cpuinfo-9.0.0-py3-none-any.whl", hash = "sha256:859625bc251f64e21f077d099d4162689c762b5d6a4c3c97553d56241c9674d5"},
]

[[package]]
name = "tables"
version = "3.9.2"
requires_python = ">=3.9"
summary = "Hierarchical datasets for Python"
dependencies = [
    "blosc2>=2.3.0",
    "numexpr>=2.6.2",
    "numpy>=1.19.0",
    "packaging",
    "py-cpuinfo",
]
files = [
    {file = "tables-3.9.2-cp310-cp310-macosx_10_9_x86_64.whl", hash = "sha256:8a4e71fc9d2a3a0cacce4994afd47cd5f4797093ff9cee2cc7dc87e51f308107"},
    {file = "tables-3.9.2-cp310-cp310-manylinux_2_17_aarch64.manylinux2014_aarch64.whl", hash = "sha256:5fbea426ce9bdd60cda435a265823b31d18f2b36e9045fb2d565679825a7aa46"},
    {file = "tables-3.9.2-cp310-cp310-manylinux_2_17_x86_64.manylinux2014_x86_64.whl", hash = "sha256:e756c272bb111d016fec1d03a60095403a8fb42a5fbaf5f317dcf6e3b9d8e92e"},
    {file = "tables-3.9.2-cp310-cp310-win_amd64.whl", hash = "sha256:eea41cb32dd22b30d6f3dd4e113f6d693384d301c89f3c4b4712f90c9c955875"},
    {file = "tables-3.9.2-cp311-cp311-macosx_10_9_x86_64.whl", hash = "sha256:d71913fb8147dc6132595b94fc82f88f6c2436a3b5c57aadfe26c680f96aa387"},
    {file = "tables-3.9.2-cp311-cp311-manylinux_2_17_aarch64.manylinux2014_aarch64.whl", hash = "sha256:9d6bbc477d038a17c5062ab6ccd94c8b1fa365cf017b9a2ad6c2dff1a07abb2b"},
    {file = "tables-3.9.2-cp311-cp311-manylinux_2_17_x86_64.manylinux2014_x86_64.whl", hash = "sha256:8e67c71070b871fade3694a4c764504e03836bb1843321766cf2e40b7d280e84"},
    {file = "tables-3.9.2-cp311-cp311-win_amd64.whl", hash = "sha256:ab9291ff4d243e7966b6706a2675b83138bd9bbe82721d695b78971660d59632"},
    {file = "tables-3.9.2-cp312-cp312-macosx_10_9_x86_64.whl", hash = "sha256:c14dc879b041cf53be1afe9e5ed581e1aeacdcee9e2e1ee79110dc96a4c8d97c"},
    {file = "tables-3.9.2-cp312-cp312-manylinux_2_17_aarch64.manylinux2014_aarch64.whl", hash = "sha256:2848fb3dce30a7b83fa099d026a91d7b10ad48afae04fa10f974f1da3f1e2bbf"},
    {file = "tables-3.9.2-cp312-cp312-manylinux_2_17_x86_64.manylinux2014_x86_64.whl", hash = "sha256:b131c9b4e003816a45e2efe5c5c797d01d8308cac4aee72597a15837cedb605c"},
    {file = "tables-3.9.2-cp312-cp312-win_amd64.whl", hash = "sha256:c6304d321452fd56865e5c309e38373011b0f0f6c714786c5660613ceb623acb"},
    {file = "tables-3.9.2-cp39-cp39-macosx_10_9_x86_64.whl", hash = "sha256:c52087ed8b90a5f6ba87f0adcd1c433e5f5db7c7ca5984b08ff45f2247635f7d"},
    {file = "tables-3.9.2-cp39-cp39-manylinux_2_17_aarch64.manylinux2014_aarch64.whl", hash = "sha256:164b945d0cb731c7232775fd3657f150bcf05413928b86033b023a1dc8dbeb05"},
    {file = "tables-3.9.2-cp39-cp39-manylinux_2_17_x86_64.manylinux2014_x86_64.whl", hash = "sha256:a068d4ad08d5a6b2ad457f60ac6676efdab9e29459e776e433d5537a46e62e41"},
    {file = "tables-3.9.2-cp39-cp39-win_amd64.whl", hash = "sha256:bca5a6bf162a84a6ef74ca4017b28c59c1526cffdbd93ce94c98ff8f9593f1d5"},
    {file = "tables-3.9.2.tar.gz", hash = "sha256:d470263c2e50c4b7c8635a0d99ac1ff2f9e704c24d71e5fa33c4529e7d0ad9c3"},
]

[[package]]
name = "typing-extensions"
version = "4.9.0"
requires_python = ">=3.8"
summary = "Backported and Experimental Type Hints for Python 3.8+"
files = [
    {file = "typing_extensions-4.9.0-py3-none-any.whl", hash = "sha256:af72aea155e91adfc61c3ae9e0e342dbc0cba726d6cba4b6c72c1f34e47291cd"},
    {file = "typing_extensions-4.9.0.tar.gz", hash = "sha256:23478f88c37f27d76ac8aee6c905017a143b0b1b886c3c9f66bc2fd94f9f5783"},
]
